
Microsoft Visual Studio Solution File, Format Version 12.00
# Visual Studio Version 16
VisualStudioVersion = 16.0.30114.105
MinimumVisualStudioVersion = 10.0.40219.1
Project("{FAE04EC0-301F-11D3-BF4B-00C04F79EFBC}") = "Domain", "Domain\Domain.csproj", "{BCC2E8F8-BB67-46FD-9188-70E89BEB445D}"
EndProject
Project("{FAE04EC0-301F-11D3-BF4B-00C04F79EFBC}") = "UI", "UI\UI.csproj", "{3E21EF6C-344B-4ED5-8D09-BA0CAEC3BC88}"
EndProject
Global
	GlobalSection(SolutionConfigurationPlatforms) = preSolution
		Debug|Any CPU = Debug|Any CPU
		Release|Any CPU = Release|Any CPU
	EndGlobalSection
	GlobalSection(ProjectConfigurationPlatforms) = postSolution
		{BCC2E8F8-BB67-46FD-9188-70E89BEB445D}.Debug|Any CPU.ActiveCfg = Debug|Any CPU
		{BCC2E8F8-BB67-46FD-9188-70E89BEB445D}.Debug|Any CPU.Build.0 = Debug|Any CPU
		{BCC2E8F8-BB67-46FD-9188-70E89BEB445D}.Release|Any CPU.ActiveCfg = Release|Any CPU
		{BCC2E8F8-BB67-46FD-9188-70E89BEB445D}.Release|Any CPU.Build.0 = Release|Any CPU
		{3E21EF6C-344B-4ED5-8D09-BA0CAEC3BC88}.Debug|Any CPU.ActiveCfg = Debug|Any CPU
		{3E21EF6C-344B-4ED5-8D09-BA0CAEC3BC88}.Debug|Any CPU.Build.0 = Debug|Any CPU
		{3E21EF6C-344B-4ED5-8D09-BA0CAEC3BC88}.Release|Any CPU.ActiveCfg = Release|Any CPU
		{3E21EF6C-344B-4ED5-8D09-BA0CAEC3BC88}.Release|Any CPU.Build.0 = Release|Any CPU
	EndGlobalSection
	GlobalSection(SolutionProperties) = preSolution
		HideSolutionNode = FALSE
	EndGlobalSection
	GlobalSection(ExtensibilityGlobals) = postSolution
		SolutionGuid = {2AF19A43-14F1-4762-AAF2-0EA6AA687A72}
	EndGlobalSection
EndGlobal
